// !$*UTF8*$!
{
	archiveVersion = 1;
	classes = {
	};
	objectVersion = 56;
	objects = {

/* Begin PBXBuildFile section */
		A02243242C33FA2600FC3552 /* AppDelegate.swift in Sources */ = {isa = PBXBuildFile; fileRef = A02243232C33FA2600FC3552 /* AppDelegate.swift */; };
		A02243262C33FA2600FC3552 /* SceneDelegate.swift in Sources */ = {isa = PBXBuildFile; fileRef = A02243252C33FA2600FC3552 /* SceneDelegate.swift */; };
		A02243282C33FA2600FC3552 /* ViewController.swift in Sources */ = {isa = PBXBuildFile; fileRef = A02243272C33FA2600FC3552 /* ViewController.swift */; };
		A022432D2C33FA2800FC3552 /* Assets.xcassets in Resources */ = {isa = PBXBuildFile; fileRef = A022432C2C33FA2800FC3552 /* Assets.xcassets */; };
		A02243302C33FA2800FC3552 /* Base in Resources */ = {isa = PBXBuildFile; fileRef = A022432F2C33FA2800FC3552 /* Base */; };
		A022433B2C33FBF600FC3552 /* ListViewController.swift in Sources */ = {isa = PBXBuildFile; fileRef = A022433A2C33FBF600FC3552 /* ListViewController.swift */; };
		A022433D2C33FBFC00FC3552 /* PostViewController.swift in Sources */ = {isa = PBXBuildFile; fileRef = A022433C2C33FBFC00FC3552 /* PostViewController.swift */; };
		A02243412C33FC5900FC3552 /* .gitignore in Resources */ = {isa = PBXBuildFile; fileRef = A02243402C33FC5900FC3552 /* .gitignore */; };
		A02243442C33FD5400FC3552 /* BaseViewController.swift in Sources */ = {isa = PBXBuildFile; fileRef = A02243432C33FD5400FC3552 /* BaseViewController.swift */; };
		A02243462C33FD6A00FC3552 /* BaseTableVeiwCell.swift in Sources */ = {isa = PBXBuildFile; fileRef = A02243452C33FD6A00FC3552 /* BaseTableVeiwCell.swift */; };
		A02243482C33FD8100FC3552 /* Reusable.swift in Sources */ = {isa = PBXBuildFile; fileRef = A02243472C33FD8100FC3552 /* Reusable.swift */; };
		A022434B2C34003C00FC3552 /* UIViewController+Extension.swift in Sources */ = {isa = PBXBuildFile; fileRef = A022434A2C34003C00FC3552 /* UIViewController+Extension.swift */; };
		A022434F2C3402BB00FC3552 /* RealmSwift in Frameworks */ = {isa = PBXBuildFile; productRef = A022434E2C3402BB00FC3552 /* RealmSwift */; };
		A02243512C3414CF00FC3552 /* ListTableViewCell.swift in Sources */ = {isa = PBXBuildFile; fileRef = A02243502C3414CF00FC3552 /* ListTableViewCell.swift */; };
		A02243542C34176100FC3552 /* SnapKit in Frameworks */ = {isa = PBXBuildFile; productRef = A02243532C34176100FC3552 /* SnapKit */; };
		A02243572C344EF600FC3552 /* PostItemButtonView.swift in Sources */ = {isa = PBXBuildFile; fileRef = A02243562C344EF600FC3552 /* PostItemButtonView.swift */; };
		A02243592C34AE1300FC3552 /* RealmModel.swift in Sources */ = {isa = PBXBuildFile; fileRef = A02243582C34AE1300FC3552 /* RealmModel.swift */; };
/* End PBXBuildFile section */

/* Begin PBXFileReference section */
		A02243202C33FA2600FC3552 /* Reminder.app */ = {isa = PBXFileReference; explicitFileType = wrapper.application; includeInIndex = 0; path = Reminder.app; sourceTree = BUILT_PRODUCTS_DIR; };
		A02243232C33FA2600FC3552 /* AppDelegate.swift */ = {isa = PBXFileReference; lastKnownFileType = sourcecode.swift; path = AppDelegate.swift; sourceTree = "<group>"; };
		A02243252C33FA2600FC3552 /* SceneDelegate.swift */ = {isa = PBXFileReference; lastKnownFileType = sourcecode.swift; path = SceneDelegate.swift; sourceTree = "<group>"; };
		A02243272C33FA2600FC3552 /* ViewController.swift */ = {isa = PBXFileReference; lastKnownFileType = sourcecode.swift; path = ViewController.swift; sourceTree = "<group>"; };
		A022432C2C33FA2800FC3552 /* Assets.xcassets */ = {isa = PBXFileReference; lastKnownFileType = folder.assetcatalog; path = Assets.xcassets; sourceTree = "<group>"; };
		A022432F2C33FA2800FC3552 /* Base */ = {isa = PBXFileReference; lastKnownFileType = file.storyboard; name = Base; path = Base.lproj/LaunchScreen.storyboard; sourceTree = "<group>"; };
		A02243312C33FA2800FC3552 /* Info.plist */ = {isa = PBXFileReference; lastKnownFileType = text.plist.xml; path = Info.plist; sourceTree = "<group>"; };
		A022433A2C33FBF600FC3552 /* ListViewController.swift */ = {isa = PBXFileReference; lastKnownFileType = sourcecode.swift; path = ListViewController.swift; sourceTree = "<group>"; };
		A022433C2C33FBFC00FC3552 /* PostViewController.swift */ = {isa = PBXFileReference; lastKnownFileType = sourcecode.swift; path = PostViewController.swift; sourceTree = "<group>"; };
		A02243402C33FC5900FC3552 /* .gitignore */ = {isa = PBXFileReference; lastKnownFileType = text; path = .gitignore; sourceTree = "<group>"; };
		A02243432C33FD5400FC3552 /* BaseViewController.swift */ = {isa = PBXFileReference; lastKnownFileType = sourcecode.swift; path = BaseViewController.swift; sourceTree = "<group>"; };
		A02243452C33FD6A00FC3552 /* BaseTableVeiwCell.swift */ = {isa = PBXFileReference; lastKnownFileType = sourcecode.swift; path = BaseTableVeiwCell.swift; sourceTree = "<group>"; };
		A02243472C33FD8100FC3552 /* Reusable.swift */ = {isa = PBXFileReference; lastKnownFileType = sourcecode.swift; path = Reusable.swift; sourceTree = "<group>"; };
		A022434A2C34003C00FC3552 /* UIViewController+Extension.swift */ = {isa = PBXFileReference; lastKnownFileType = sourcecode.swift; path = "UIViewController+Extension.swift"; sourceTree = "<group>"; };
		A02243502C3414CF00FC3552 /* ListTableViewCell.swift */ = {isa = PBXFileReference; lastKnownFileType = sourcecode.swift; path = ListTableViewCell.swift; sourceTree = "<group>"; };
		A02243562C344EF600FC3552 /* PostItemButtonView.swift */ = {isa = PBXFileReference; lastKnownFileType = sourcecode.swift; path = PostItemButtonView.swift; sourceTree = "<group>"; };
		A02243582C34AE1300FC3552 /* RealmModel.swift */ = {isa = PBXFileReference; lastKnownFileType = sourcecode.swift; path = RealmModel.swift; sourceTree = "<group>"; };
/* End PBXFileReference section */

/* Begin PBXFrameworksBuildPhase section */
		A022431D2C33FA2600FC3552 /* Frameworks */ = {
			isa = PBXFrameworksBuildPhase;
			buildActionMask = 2147483647;
			files = (
				A022434F2C3402BB00FC3552 /* RealmSwift in Frameworks */,
				A02243542C34176100FC3552 /* SnapKit in Frameworks */,
			);
			runOnlyForDeploymentPostprocessing = 0;
		};
/* End PBXFrameworksBuildPhase section */

/* Begin PBXGroup section */
		A02243172C33FA2600FC3552 = {
			isa = PBXGroup;
			children = (
				A02243402C33FC5900FC3552 /* .gitignore */,
				A02243222C33FA2600FC3552 /* Reminder */,
				A02243212C33FA2600FC3552 /* Products */,
			);
			sourceTree = "<group>";
		};
		A02243212C33FA2600FC3552 /* Products */ = {
			isa = PBXGroup;
			children = (
				A02243202C33FA2600FC3552 /* Reminder.app */,
			);
			name = Products;
			sourceTree = "<group>";
		};
		A02243222C33FA2600FC3552 /* Reminder */ = {
			isa = PBXGroup;
			children = (
				A022434C2C3401A000FC3552 /* Resource */,
				A022433F2C33FC0D00FC3552 /* Global */,
				A022433E2C33FC0200FC3552 /* DB */,
				A02243372C33FB8C00FC3552 /* Screen */,
				A02243232C33FA2600FC3552 /* AppDelegate.swift */,
				A02243252C33FA2600FC3552 /* SceneDelegate.swift */,
				A02243272C33FA2600FC3552 /* ViewController.swift */,
				A02243312C33FA2800FC3552 /* Info.plist */,
			);
			path = Reminder;
			sourceTree = "<group>";
		};
		A02243372C33FB8C00FC3552 /* Screen */ = {
			isa = PBXGroup;
			children = (
				A02243392C33FBDC00FC3552 /* Post */,
				A02243382C33FB9700FC3552 /* List */,
			);
			path = Screen;
			sourceTree = "<group>";
		};
		A02243382C33FB9700FC3552 /* List */ = {
			isa = PBXGroup;
			children = (
				A022433A2C33FBF600FC3552 /* ListViewController.swift */,
				A02243502C3414CF00FC3552 /* ListTableViewCell.swift */,
			);
			path = List;
			sourceTree = "<group>";
		};
		A02243392C33FBDC00FC3552 /* Post */ = {
			isa = PBXGroup;
			children = (
				A022433C2C33FBFC00FC3552 /* PostViewController.swift */,
			);
			path = Post;
			sourceTree = "<group>";
		};
		A022433E2C33FC0200FC3552 /* DB */ = {
			isa = PBXGroup;
			children = (
				A02243582C34AE1300FC3552 /* RealmModel.swift */,
			);
			path = DB;
			sourceTree = "<group>";
		};
		A022433F2C33FC0D00FC3552 /* Global */ = {
			isa = PBXGroup;
			children = (
				A02243552C344ECA00FC3552 /* Custom */,
				A02243492C33FD9200FC3552 /* Extension */,
				A02243422C33FD3100FC3552 /* Base */,
			);
			name = Global;
			sourceTree = "<group>";
		};
		A02243422C33FD3100FC3552 /* Base */ = {
			isa = PBXGroup;
			children = (
				A02243432C33FD5400FC3552 /* BaseViewController.swift */,
				A02243452C33FD6A00FC3552 /* BaseTableVeiwCell.swift */,
			);
			name = Base;
			sourceTree = "<group>";
		};
		A02243492C33FD9200FC3552 /* Extension */ = {
			isa = PBXGroup;
			children = (
				A02243472C33FD8100FC3552 /* Reusable.swift */,
				A022434A2C34003C00FC3552 /* UIViewController+Extension.swift */,
			);
			name = Extension;
			sourceTree = "<group>";
		};
		A022434C2C3401A000FC3552 /* Resource */ = {
			isa = PBXGroup;
			children = (
				A022432E2C33FA2800FC3552 /* LaunchScreen.storyboard */,
				A022432C2C33FA2800FC3552 /* Assets.xcassets */,
			);
			path = Resource;
			sourceTree = "<group>";
		};
		A02243552C344ECA00FC3552 /* Custom */ = {
			isa = PBXGroup;
			children = (
				A02243562C344EF600FC3552 /* PostItemButtonView.swift */,
			);
			name = Custom;
			sourceTree = "<group>";
		};
/* End PBXGroup section */

/* Begin PBXNativeTarget section */
		A022431F2C33FA2600FC3552 /* Reminder */ = {
			isa = PBXNativeTarget;
			buildConfigurationList = A02243342C33FA2800FC3552 /* Build configuration list for PBXNativeTarget "Reminder" */;
			buildPhases = (
				A022431C2C33FA2600FC3552 /* Sources */,
				A022431D2C33FA2600FC3552 /* Frameworks */,
				A022431E2C33FA2600FC3552 /* Resources */,
			);
			buildRules = (
			);
			dependencies = (
			);
			name = Reminder;
			packageProductDependencies = (
				A022434E2C3402BB00FC3552 /* RealmSwift */,
				A02243532C34176100FC3552 /* SnapKit */,
			);
			productName = Reminder;
			productReference = A02243202C33FA2600FC3552 /* Reminder.app */;
			productType = "com.apple.product-type.application";
		};
/* End PBXNativeTarget section */

/* Begin PBXProject section */
		A02243182C33FA2600FC3552 /* Project object */ = {
			isa = PBXProject;
			attributes = {
				BuildIndependentTargetsInParallel = 1;
				LastSwiftUpdateCheck = 1540;
				LastUpgradeCheck = 1540;
				TargetAttributes = {
					A022431F2C33FA2600FC3552 = {
						CreatedOnToolsVersion = 15.4;
					};
				};
			};
			buildConfigurationList = A022431B2C33FA2600FC3552 /* Build configuration list for PBXProject "Reminder" */;
			compatibilityVersion = "Xcode 14.0";
			developmentRegion = en;
			hasScannedForEncodings = 0;
			knownRegions = (
				en,
				Base,
			);
			mainGroup = A02243172C33FA2600FC3552;
			packageReferences = (
				A022434D2C3402BB00FC3552 /* XCRemoteSwiftPackageReference "realm-swift" */,
				A02243522C34176100FC3552 /* XCRemoteSwiftPackageReference "SnapKit" */,
			);
			productRefGroup = A02243212C33FA2600FC3552 /* Products */;
			projectDirPath = "";
			projectRoot = "";
			targets = (
				A022431F2C33FA2600FC3552 /* Reminder */,
			);
		};
/* End PBXProject section */

/* Begin PBXResourcesBuildPhase section */
		A022431E2C33FA2600FC3552 /* Resources */ = {
			isa = PBXResourcesBuildPhase;
			buildActionMask = 2147483647;
			files = (
				A022432D2C33FA2800FC3552 /* Assets.xcassets in Resources */,
				A02243412C33FC5900FC3552 /* .gitignore in Resources */,
				A02243302C33FA2800FC3552 /* Base in Resources */,
			);
			runOnlyForDeploymentPostprocessing = 0;
		};
/* End PBXResourcesBuildPhase section */

/* Begin PBXSourcesBuildPhase section */
		A022431C2C33FA2600FC3552 /* Sources */ = {
			isa = PBXSourcesBuildPhase;
			buildActionMask = 2147483647;
			files = (
				A022434B2C34003C00FC3552 /* UIViewController+Extension.swift in Sources */,
				A02243592C34AE1300FC3552 /* RealmModel.swift in Sources */,
				A02243282C33FA2600FC3552 /* ViewController.swift in Sources */,
				A02243242C33FA2600FC3552 /* AppDelegate.swift in Sources */,
				A02243572C344EF600FC3552 /* PostItemButtonView.swift in Sources */,
				A022433B2C33FBF600FC3552 /* ListViewController.swift in Sources */,
				A02243262C33FA2600FC3552 /* SceneDelegate.swift in Sources */,
				A02243482C33FD8100FC3552 /* Reusable.swift in Sources */,
				A022433D2C33FBFC00FC3552 /* PostViewController.swift in Sources */,
				A02243442C33FD5400FC3552 /* BaseViewController.swift in Sources */,
				A02243462C33FD6A00FC3552 /* BaseTableVeiwCell.swift in Sources */,
				A02243512C3414CF00FC3552 /* ListTableViewCell.swift in Sources */,
			);
			runOnlyForDeploymentPostprocessing = 0;
		};
/* End PBXSourcesBuildPhase section */

/* Begin PBXVariantGroup section */
		A022432E2C33FA2800FC3552 /* LaunchScreen.storyboard */ = {
			isa = PBXVariantGroup;
			children = (
				A022432F2C33FA2800FC3552 /* Base */,
			);
			name = LaunchScreen.storyboard;
			sourceTree = "<group>";
		};
/* End PBXVariantGroup section */

/* Begin XCBuildConfiguration section */
		A02243322C33FA2800FC3552 /* Debug */ = {
			isa = XCBuildConfiguration;
			buildSettings = {
				ALWAYS_SEARCH_USER_PATHS = NO;
				ASSETCATALOG_COMPILER_GENERATE_SWIFT_ASSET_SYMBOL_EXTENSIONS = YES;
				CLANG_ANALYZER_NONNULL = YES;
				CLANG_ANALYZER_NUMBER_OBJECT_CONVERSION = YES_AGGRESSIVE;
				CLANG_CXX_LANGUAGE_STANDARD = "gnu++20";
				CLANG_ENABLE_MODULES = YES;
				CLANG_ENABLE_OBJC_ARC = YES;
				CLANG_ENABLE_OBJC_WEAK = YES;
				CLANG_WARN_BLOCK_CAPTURE_AUTORELEASING = YES;
				CLANG_WARN_BOOL_CONVERSION = YES;
				CLANG_WARN_COMMA = YES;
				CLANG_WARN_CONSTANT_CONVERSION = YES;
				CLANG_WARN_DEPRECATED_OBJC_IMPLEMENTATIONS = YES;
				CLANG_WARN_DIRECT_OBJC_ISA_USAGE = YES_ERROR;
				CLANG_WARN_DOCUMENTATION_COMMENTS = YES;
				CLANG_WARN_EMPTY_BODY = YES;
				CLANG_WARN_ENUM_CONVERSION = YES;
				CLANG_WARN_INFINITE_RECURSION = YES;
				CLANG_WARN_INT_CONVERSION = YES;
				CLANG_WARN_NON_LITERAL_NULL_CONVERSION = YES;
				CLANG_WARN_OBJC_IMPLICIT_RETAIN_SELF = YES;
				CLANG_WARN_OBJC_LITERAL_CONVERSION = YES;
				CLANG_WARN_OBJC_ROOT_CLASS = YES_ERROR;
				CLANG_WARN_QUOTED_INCLUDE_IN_FRAMEWORK_HEADER = YES;
				CLANG_WARN_RANGE_LOOP_ANALYSIS = YES;
				CLANG_WARN_STRICT_PROTOTYPES = YES;
				CLANG_WARN_SUSPICIOUS_MOVE = YES;
				CLANG_WARN_UNGUARDED_AVAILABILITY = YES_AGGRESSIVE;
				CLANG_WARN_UNREACHABLE_CODE = YES;
				CLANG_WARN__DUPLICATE_METHOD_MATCH = YES;
				COPY_PHASE_STRIP = NO;
				DEBUG_INFORMATION_FORMAT = dwarf;
				ENABLE_STRICT_OBJC_MSGSEND = YES;
				ENABLE_TESTABILITY = YES;
				ENABLE_USER_SCRIPT_SANDBOXING = YES;
				GCC_C_LANGUAGE_STANDARD = gnu17;
				GCC_DYNAMIC_NO_PIC = NO;
				GCC_NO_COMMON_BLOCKS = YES;
				GCC_OPTIMIZATION_LEVEL = 0;
				GCC_PREPROCESSOR_DEFINITIONS = (
					"DEBUG=1",
					"$(inherited)",
				);
				GCC_WARN_64_TO_32_BIT_CONVERSION = YES;
				GCC_WARN_ABOUT_RETURN_TYPE = YES_ERROR;
				GCC_WARN_UNDECLARED_SELECTOR = YES;
				GCC_WARN_UNINITIALIZED_AUTOS = YES_AGGRESSIVE;
				GCC_WARN_UNUSED_FUNCTION = YES;
				GCC_WARN_UNUSED_VARIABLE = YES;
				IPHONEOS_DEPLOYMENT_TARGET = 17.5;
				LOCALIZATION_PREFERS_STRING_CATALOGS = YES;
				MTL_ENABLE_DEBUG_INFO = INCLUDE_SOURCE;
				MTL_FAST_MATH = YES;
				ONLY_ACTIVE_ARCH = YES;
				SDKROOT = iphoneos;
				SWIFT_ACTIVE_COMPILATION_CONDITIONS = "DEBUG $(inherited)";
				SWIFT_OPTIMIZATION_LEVEL = "-Onone";
			};
			name = Debug;
		};
		A02243332C33FA2800FC3552 /* Release */ = {
			isa = XCBuildConfiguration;
			buildSettings = {
				ALWAYS_SEARCH_USER_PATHS = NO;
				ASSETCATALOG_COMPILER_GENERATE_SWIFT_ASSET_SYMBOL_EXTENSIONS = YES;
				CLANG_ANALYZER_NONNULL = YES;
				CLANG_ANALYZER_NUMBER_OBJECT_CONVERSION = YES_AGGRESSIVE;
				CLANG_CXX_LANGUAGE_STANDARD = "gnu++20";
				CLANG_ENABLE_MODULES = YES;
				CLANG_ENABLE_OBJC_ARC = YES;
				CLANG_ENABLE_OBJC_WEAK = YES;
				CLANG_WARN_BLOCK_CAPTURE_AUTORELEASING = YES;
				CLANG_WARN_BOOL_CONVERSION = YES;
				CLANG_WARN_COMMA = YES;
				CLANG_WARN_CONSTANT_CONVERSION = YES;
				CLANG_WARN_DEPRECATED_OBJC_IMPLEMENTATIONS = YES;
				CLANG_WARN_DIRECT_OBJC_ISA_USAGE = YES_ERROR;
				CLANG_WARN_DOCUMENTATION_COMMENTS = YES;
				CLANG_WARN_EMPTY_BODY = YES;
				CLANG_WARN_ENUM_CONVERSION = YES;
				CLANG_WARN_INFINITE_RECURSION = YES;
				CLANG_WARN_INT_CONVERSION = YES;
				CLANG_WARN_NON_LITERAL_NULL_CONVERSION = YES;
				CLANG_WARN_OBJC_IMPLICIT_RETAIN_SELF = YES;
				CLANG_WARN_OBJC_LITERAL_CONVERSION = YES;
				CLANG_WARN_OBJC_ROOT_CLASS = YES_ERROR;
				CLANG_WARN_QUOTED_INCLUDE_IN_FRAMEWORK_HEADER = YES;
				CLANG_WARN_RANGE_LOOP_ANALYSIS = YES;
				CLANG_WARN_STRICT_PROTOTYPES = YES;
				CLANG_WARN_SUSPICIOUS_MOVE = YES;
				CLANG_WARN_UNGUARDED_AVAILABILITY = YES_AGGRESSIVE;
				CLANG_WARN_UNREACHABLE_CODE = YES;
				CLANG_WARN__DUPLICATE_METHOD_MATCH = YES;
				COPY_PHASE_STRIP = NO;
				DEBUG_INFORMATION_FORMAT = "dwarf-with-dsym";
				ENABLE_NS_ASSERTIONS = NO;
				ENABLE_STRICT_OBJC_MSGSEND = YES;
				ENABLE_USER_SCRIPT_SANDBOXING = YES;
				GCC_C_LANGUAGE_STANDARD = gnu17;
				GCC_NO_COMMON_BLOCKS = YES;
				GCC_WARN_64_TO_32_BIT_CONVERSION = YES;
				GCC_WARN_ABOUT_RETURN_TYPE = YES_ERROR;
				GCC_WARN_UNDECLARED_SELECTOR = YES;
				GCC_WARN_UNINITIALIZED_AUTOS = YES_AGGRESSIVE;
				GCC_WARN_UNUSED_FUNCTION = YES;
				GCC_WARN_UNUSED_VARIABLE = YES;
				IPHONEOS_DEPLOYMENT_TARGET = 17.5;
				LOCALIZATION_PREFERS_STRING_CATALOGS = YES;
				MTL_ENABLE_DEBUG_INFO = NO;
				MTL_FAST_MATH = YES;
				SDKROOT = iphoneos;
				SWIFT_COMPILATION_MODE = wholemodule;
				VALIDATE_PRODUCT = YES;
			};
			name = Release;
		};
		A02243352C33FA2800FC3552 /* Debug */ = {
			isa = XCBuildConfiguration;
			buildSettings = {
				ASSETCATALOG_COMPILER_APPICON_NAME = AppIcon;
				ASSETCATALOG_COMPILER_GLOBAL_ACCENT_COLOR_NAME = AccentColor;
				CODE_SIGN_STYLE = Automatic;
				CURRENT_PROJECT_VERSION = 1;
				DEVELOPMENT_TEAM = HP4XA8YZN3;
				GENERATE_INFOPLIST_FILE = YES;
				INFOPLIST_FILE = Reminder/Info.plist;
				INFOPLIST_KEY_UIApplicationSupportsIndirectInputEvents = YES;
				INFOPLIST_KEY_UILaunchStoryboardName = LaunchScreen;
				INFOPLIST_KEY_UISupportedInterfaceOrientations = UIInterfaceOrientationPortrait;
				INFOPLIST_KEY_UISupportedInterfaceOrientations_iPad = "UIInterfaceOrientationLandscapeLeft UIInterfaceOrientationLandscapeRight UIInterfaceOrientationPortrait UIInterfaceOrientationPortraitUpsideDown";
				IPHONEOS_DEPLOYMENT_TARGET = 16.0;
				LD_RUNPATH_SEARCH_PATHS = (
					"$(inherited)",
					"@executable_path/Frameworks",
				);
				MARKETING_VERSION = 1.0;
				PRODUCT_BUNDLE_IDENTIFIER = com.yeoyeo.Reminder;
				PRODUCT_NAME = "$(TARGET_NAME)";
				SUPPORTED_PLATFORMS = "iphoneos iphonesimulator";
				SUPPORTS_MACCATALYST = NO;
				SUPPORTS_MAC_DESIGNED_FOR_IPHONE_IPAD = NO;
				SUPPORTS_XR_DESIGNED_FOR_IPHONE_IPAD = NO;
				SWIFT_EMIT_LOC_STRINGS = YES;
				SWIFT_VERSION = 5.0;
				TARGETED_DEVICE_FAMILY = 1;
			};
			name = Debug;
		};
		A02243362C33FA2800FC3552 /* Release */ = {
			isa = XCBuildConfiguration;
			buildSettings = {
				ASSETCATALOG_COMPILER_APPICON_NAME = AppIcon;
				ASSETCATALOG_COMPILER_GLOBAL_ACCENT_COLOR_NAME = AccentColor;
				CODE_SIGN_STYLE = Automatic;
				CURRENT_PROJECT_VERSION = 1;
				DEVELOPMENT_TEAM = HP4XA8YZN3;
				GENERATE_INFOPLIST_FILE = YES;
				INFOPLIST_FILE = Reminder/Info.plist;
				INFOPLIST_KEY_UIApplicationSupportsIndirectInputEvents = YES;
				INFOPLIST_KEY_UILaunchStoryboardName = LaunchScreen;
				INFOPLIST_KEY_UISupportedInterfaceOrientations = UIInterfaceOrientationPortrait;
				INFOPLIST_KEY_UISupportedInterfaceOrientations_iPad = "UIInterfaceOrientationLandscapeLeft UIInterfaceOrientationLandscapeRight UIInterfaceOrientationPortrait UIInterfaceOrientationPortraitUpsideDown";
				IPHONEOS_DEPLOYMENT_TARGET = 16.0;
				LD_RUNPATH_SEARCH_PATHS = (
					"$(inherited)",
					"@executable_path/Frameworks",
				);
				MARKETING_VERSION = 1.0;
				PRODUCT_BUNDLE_IDENTIFIER = com.yeoyeo.Reminder;
				PRODUCT_NAME = "$(TARGET_NAME)";
				SUPPORTED_PLATFORMS = "iphoneos iphonesimulator";
				SUPPORTS_MACCATALYST = NO;
				SUPPORTS_MAC_DESIGNED_FOR_IPHONE_IPAD = NO;
				SUPPORTS_XR_DESIGNED_FOR_IPHONE_IPAD = NO;
				SWIFT_EMIT_LOC_STRINGS = YES;
				SWIFT_VERSION = 5.0;
				TARGETED_DEVICE_FAMILY = 1;
			};
			name = Release;
		};
/* End XCBuildConfiguration section */

/* Begin XCConfigurationList section */
		A022431B2C33FA2600FC3552 /* Build configuration list for PBXProject "Reminder" */ = {
			isa = XCConfigurationList;
			buildConfigurations = (
				A02243322C33FA2800FC3552 /* Debug */,
				A02243332C33FA2800FC3552 /* Release */,
			);
			defaultConfigurationIsVisible = 0;
			defaultConfigurationName = Release;
		};
		A02243342C33FA2800FC3552 /* Build configuration list for PBXNativeTarget "Reminder" */ = {
			isa = XCConfigurationList;
			buildConfigurations = (
				A02243352C33FA2800FC3552 /* Debug */,
				A02243362C33FA2800FC3552 /* Release */,
			);
			defaultConfigurationIsVisible = 0;
			defaultConfigurationName = Release;
		};
/* End XCConfigurationList section */

/* Begin XCRemoteSwiftPackageReference section */
		A022434D2C3402BB00FC3552 /* XCRemoteSwiftPackageReference "realm-swift" */ = {
			isa = XCRemoteSwiftPackageReference;
			repositoryURL = "https://github.com/realm/realm-swift.git";
			requirement = {
				branch = master;
				kind = branch;
			};
		};
		A02243522C34176100FC3552 /* XCRemoteSwiftPackageReference "SnapKit" */ = {
			isa = XCRemoteSwiftPackageReference;
			repositoryURL = "https://github.com/SnapKit/SnapKit.git";
			requirement = {
				kind = upToNextMajorVersion;
				minimumVersion = 5.7.1;
			};
		};
/* End XCRemoteSwiftPackageReference section */

/* Begin XCSwiftPackageProductDependency section */
		A022434E2C3402BB00FC3552 /* RealmSwift */ = {
			isa = XCSwiftPackageProductDependency;
			package = A022434D2C3402BB00FC3552 /* XCRemoteSwiftPackageReference "realm-swift" */;
			productName = RealmSwift;
		};
		A02243532C34176100FC3552 /* SnapKit */ = {
			isa = XCSwiftPackageProductDependency;
			package = A02243522C34176100FC3552 /* XCRemoteSwiftPackageReference "SnapKit" */;
			productName = SnapKit;
		};
/* End XCSwiftPackageProductDependency section */
	};
	rootObject = A02243182C33FA2600FC3552 /* Project object */;
}
